lockfileVersion: '6.0'

settings:
  autoInstallPeers: true
  excludeLinksFromLockfile: false

dependencies:
  hono:
    specifier: ^4.6.7
    version: 4.10.1

devDependencies:
  '@cloudflare/workers-types':
    specifier: ^4.20241127.0
    version: 4.20251011.0
  typescript:
    specifier: ^5.6.3
    version: 5.9.3

packages:

  /@cloudflare/workers-types@4.20251011.0:
    resolution: {integrity: sha512-gQpih+pbq3sP4uXltUeCSbPgZxTNp2gQd8639SaIbQMwgA6oJNHLhIART1fWy6DQACngiRzDVULA2x0ohmkGTQ==}
    dev: true

  /hono@4.10.1:
    resolution: {integrity: sha512-rpGNOfacO4WEPClfkEt1yfl8cbu10uB1lNpiI33AKoiAHwOS8lV748JiLx4b5ozO/u4qLjIvfpFsPXdY5Qjkmg==}
    engines: {node: '>=16.9.0'}
    dev: false

  /typescript@5.9.3:
    resolution: {integrity: sha512-jl1vZzPDinLr9eUt3J/t7V6FgNEw9QjvBPdysz9KfQDD41fQrC2Y4vKQdiaUpFT4bXlb1RHhLpp8wtm6M5TgSw==}
    engines: {node: '>=14.17'}
    hasBin: true
    dev: true
